// !$*UTF8*$!
{
	archiveVersion = 1;
	classes = {
	};
	objectVersion = 46;
	objects = {

/* Begin PBXBuildFile section */
		CAE393F518EB0DB6008FFA99 /* Foundation.framework in Frameworks */ = {isa = PBXBuildFile; fileRef = CAE393F418EB0DB6008FFA99 /* Foundation.framework */; };
		CAE393F718EB0DB6008FFA99 /* CoreGraphics.framework in Frameworks */ = {isa = PBXBuildFile; fileRef = CAE393F618EB0DB6008FFA99 /* CoreGraphics.framework */; };
		CAE393F918EB0DB6008FFA99 /* UIKit.framework in Frameworks */ = {isa = PBXBuildFile; fileRef = CAE393F818EB0DB6008FFA99 /* UIKit.framework */; };
		CAE393FF18EB0DB7008FFA99 /* InfoPlist.strings in Resources */ = {isa = PBXBuildFile; fileRef = CAE393FD18EB0DB7008FFA99 /* InfoPlist.strings */; };
		CAE3940118EB0DB7008FFA99 /* main.m in Sources */ = {isa = PBXBuildFile; fileRef = CAE3940018EB0DB7008FFA99 /* main.m */; };
		CAE3940518EB0DB8008FFA99 /* CalculatorAppDelegate.m in Sources */ = {isa = PBXBuildFile; fileRef = CAE3940418EB0DB8008FFA99 /* CalculatorAppDelegate.m */; };
		CAE3940818EB0DB8008FFA99 /* Main.storyboard in Resources */ = {isa = PBXBuildFile; fileRef = CAE3940618EB0DB8008FFA99 /* Main.storyboard */; };
		CAE3940B18EB0DB9008FFA99 /* CalculatorViewController.m in Sources */ = {isa = PBXBuildFile; fileRef = CAE3940A18EB0DB9008FFA99 /* CalculatorViewController.m */; };
		CAE3940D18EB0DBA008FFA99 /* Images.xcassets in Resources */ = {isa = PBXBuildFile; fileRef = CAE3940C18EB0DBA008FFA99 /* Images.xcassets */; };
		CAE3941418EB0DBA008FFA99 /* XCTest.framework in Frameworks */ = {isa = PBXBuildFile; fileRef = CAE3941318EB0DBA008FFA99 /* XCTest.framework */; };
		CAE3941518EB0DBA008FFA99 /* Foundation.framework in Frameworks */ = {isa = PBXBuildFile; fileRef = CAE393F418EB0DB6008FFA99 /* Foundation.framework */; };
		CAE3941618EB0DBA008FFA99 /* UIKit.framework in Frameworks */ = {isa = PBXBuildFile; fileRef = CAE393F818EB0DB6008FFA99 /* UIKit.framework */; };
		CAE3941E18EB0DBA008FFA99 /* InfoPlist.strings in Resources */ = {isa = PBXBuildFile; fileRef = CAE3941C18EB0DBA008FFA99 /* InfoPlist.strings */; };
		CAE3942018EB0DBA008FFA99 /* LERzorTests.m in Sources */ = {isa = PBXBuildFile; fileRef = CAE3941F18EB0DBA008FFA99 /* LERzorTests.m */; };
		CAE3942B18EB0F03008FFA99 /* Astonish-Design-Logo.png in Resources */ = {isa = PBXBuildFile; fileRef = CAE3942A18EB0F03008FFA99 /* Astonish-Design-Logo.png */; };
/* End PBXBuildFile section */

/* Begin PBXContainerItemProxy section */
		CAE3941718EB0DBA008FFA99 /* PBXContainerItemProxy */ = {
			isa = PBXContainerItemProxy;
			containerPortal = CAE393E918EB0DB6008FFA99 /* Project object */;
			proxyType = 1;
			remoteGlobalIDString = CAE393F018EB0DB6008FFA99;
			remoteInfo = LERzor;
		};
/* End PBXContainerItemProxy section */

/* Begin PBXFileReference section */
		CAE393F118EB0DB6008FFA99 /* LERzor.app */ = {isa = PBXFileReference; explicitFileType = wrapper.application; includeInIndex = 0; path = LERzor.app; sourceTree = BUILT_PRODUCTS_DIR; };
		CAE393F418EB0DB6008FFA99 /* Foundation.framework */ = {isa = PBXFileReference; lastKnownFileType = wrapper.framework; name = Foundation.framework; path = System/Library/Frameworks/Foundation.framework; sourceTree = SDKROOT; };
		CAE393F618EB0DB6008FFA99 /* CoreGraphics.framework */ = {isa = PBXFileReference; lastKnownFileType = wrapper.framework; name = CoreGraphics.framework; path = System/Library/Frameworks/CoreGraphics.framework; sourceTree = SDKROOT; };
		CAE393F818EB0DB6008FFA99 /* UIKit.framework */ = {isa = PBXFileReference; lastKnownFileType = wrapper.framework; name = UIKit.framework; path = System/Library/Frameworks/UIKit.framework; sourceTree = SDKROOT; };
		CAE393FC18EB0DB7008FFA99 /* LERzor-Info.plist */ = {isa = PBXFileReference; lastKnownFileType = text.plist.xml; path = "LERzor-Info.plist"; sourceTree = "<group>"; };
		CAE393FE18EB0DB7008FFA99 /* en */ = {isa = PBXFileReference; lastKnownFileType = text.plist.strings; name = en; path = en.lproj/InfoPlist.strings; sourceTree = "<group>"; };
		CAE3940018EB0DB7008FFA99 /* main.m */ = {isa = PBXFileReference; lastKnownFileType = sourcecode.c.objc; path = main.m; sourceTree = "<group>"; };
		CAE3940218EB0DB7008FFA99 /* LERzor-Prefix.pch */ = {isa = PBXFileReference; lastKnownFileType = sourcecode.c.h; path = "LERzor-Prefix.pch"; sourceTree = "<group>"; };
		CAE3940318EB0DB7008FFA99 /* CalculatorAppDelegate.h */ = {isa = PBXFileReference; lastKnownFileType = sourcecode.c.h; path = CalculatorAppDelegate.h; sourceTree = "<group>"; };
		CAE3940418EB0DB8008FFA99 /* CalculatorAppDelegate.m */ = {isa = PBXFileReference; lastKnownFileType = sourcecode.c.objc; path = CalculatorAppDelegate.m; sourceTree = "<group>"; };
		CAE3940718EB0DB8008FFA99 /* Base */ = {isa = PBXFileReference; lastKnownFileType = file.storyboard; name = Base; path = Base.lproj/Main.storyboard; sourceTree = "<group>"; };
		CAE3940918EB0DB8008FFA99 /* CalculatorViewController.h */ = {isa = PBXFileReference; lastKnownFileType = sourcecode.c.h; path = CalculatorViewController.h; sourceTree = "<group>"; };
		CAE3940A18EB0DB9008FFA99 /* CalculatorViewController.m */ = {isa = PBXFileReference; lastKnownFileType = sourcecode.c.objc; path = CalculatorViewController.m; sourceTree = "<group>"; };
		CAE3940C18EB0DBA008FFA99 /* Images.xcassets */ = {isa = PBXFileReference; lastKnownFileType = folder.assetcatalog; path = Images.xcassets; sourceTree = "<group>"; };
		CAE3941218EB0DBA008FFA99 /* LERzorTests.xctest */ = {isa = PBXFileReference; explicitFileType = wrapper.cfbundle; includeInIndex = 0; path = LERzorTests.xctest; sourceTree = BUILT_PRODUCTS_DIR; };
		CAE3941318EB0DBA008FFA99 /* XCTest.framework */ = {isa = PBXFileReference; lastKnownFileType = wrapper.framework; name = XCTest.framework; path = Library/Frameworks/XCTest.framework; sourceTree = DEVELOPER_DIR; };
		CAE3941B18EB0DBA008FFA99 /* LERzorTests-Info.plist */ = {isa = PBXFileReference; lastKnownFileType = text.plist.xml; path = "LERzorTests-Info.plist"; sourceTree = "<group>"; };
		CAE3941D18EB0DBA008FFA99 /* en */ = {isa = PBXFileReference; lastKnownFileType = text.plist.strings; name = en; path = en.lproj/InfoPlist.strings; sourceTree = "<group>"; };
		CAE3941F18EB0DBA008FFA99 /* LERzorTests.m */ = {isa = PBXFileReference; lastKnownFileType = sourcecode.c.objc; path = LERzorTests.m; sourceTree = "<group>"; };
		CAE3942A18EB0F03008FFA99 /* Astonish-Design-Logo.png */ = {isa = PBXFileReference; lastKnownFileType = image.png; path = "Astonish-Design-Logo.png"; sourceTree = "<group>"; };
/* End PBXFileReference section */

/* Begin PBXFrameworksBuildPhase section */
		CAE393EE18EB0DB6008FFA99 /* Frameworks */ = {
			isa = PBXFrameworksBuildPhase;
			buildActionMask = 2147483647;
			files = (
				CAE393F718EB0DB6008FFA99 /* CoreGraphics.framework in Frameworks */,
				CAE393F918EB0DB6008FFA99 /* UIKit.framework in Frameworks */,
				CAE393F518EB0DB6008FFA99 /* Foundation.framework in Frameworks */,
			);
			runOnlyForDeploymentPostprocessing = 0;
		};
		CAE3940F18EB0DBA008FFA99 /* Frameworks */ = {
			isa = PBXFrameworksBuildPhase;
			buildActionMask = 2147483647;
			files = (
				CAE3941418EB0DBA008FFA99 /* XCTest.framework in Frameworks */,
				CAE3941618EB0DBA008FFA99 /* UIKit.framework in Frameworks */,
				CAE3941518EB0DBA008FFA99 /* Foundation.framework in Frameworks */,
			);
			runOnlyForDeploymentPostprocessing = 0;
		};
/* End PBXFrameworksBuildPhase section */

/* Begin PBXGroup section */
		CAE393E818EB0DB6008FFA99 = {
			isa = PBXGroup;
			children = (
				CAE393FA18EB0DB6008FFA99 /* LERzor */,
				CAE3941918EB0DBA008FFA99 /* LERzorTests */,
				CAE393F318EB0DB6008FFA99 /* Frameworks */,
				CAE393F218EB0DB6008FFA99 /* Products */,
			);
			sourceTree = "<group>";
		};
		CAE393F218EB0DB6008FFA99 /* Products */ = {
			isa = PBXGroup;
			children = (
				CAE393F118EB0DB6008FFA99 /* LERzor.app */,
				CAE3941218EB0DBA008FFA99 /* LERzorTests.xctest */,
			);
			name = Products;
			sourceTree = "<group>";
		};
		CAE393F318EB0DB6008FFA99 /* Frameworks */ = {
			isa = PBXGroup;
			children = (
				CAE393F418EB0DB6008FFA99 /* Foundation.framework */,
				CAE393F618EB0DB6008FFA99 /* CoreGraphics.framework */,
				CAE393F818EB0DB6008FFA99 /* UIKit.framework */,
				CAE3941318EB0DBA008FFA99 /* XCTest.framework */,
			);
			name = Frameworks;
			sourceTree = "<group>";
		};
		CAE393FA18EB0DB6008FFA99 /* LERzor */ = {
			isa = PBXGroup;
			children = (
				CAE3940318EB0DB7008FFA99 /* CalculatorAppDelegate.h */,
				CAE3940418EB0DB8008FFA99 /* CalculatorAppDelegate.m */,
				CAE3940618EB0DB8008FFA99 /* Main.storyboard */,
				CAE3940918EB0DB8008FFA99 /* CalculatorViewController.h */,
				CAE3940A18EB0DB9008FFA99 /* CalculatorViewController.m */,
				CAE3940C18EB0DBA008FFA99 /* Images.xcassets */,
				CAE393FB18EB0DB7008FFA99 /* Supporting Files */,
			);
			path = LERzor;
			sourceTree = "<group>";
		};
		CAE393FB18EB0DB7008FFA99 /* Supporting Files */ = {
			isa = PBXGroup;
			children = (
				CAE3942918EB0EF2008FFA99 /* images */,
				CAE393FC18EB0DB7008FFA99 /* LERzor-Info.plist */,
				CAE393FD18EB0DB7008FFA99 /* InfoPlist.strings */,
				CAE3940018EB0DB7008FFA99 /* main.m */,
				CAE3940218EB0DB7008FFA99 /* LERzor-Prefix.pch */,
			);
			name = "Supporting Files";
			sourceTree = "<group>";
		};
		CAE3941918EB0DBA008FFA99 /* LERzorTests */ = {
			isa = PBXGroup;
			children = (
				CAE3941F18EB0DBA008FFA99 /* LERzorTests.m */,
				CAE3941A18EB0DBA008FFA99 /* Supporting Files */,
			);
			path = LERzorTests;
			sourceTree = "<group>";
		};
		CAE3941A18EB0DBA008FFA99 /* Supporting Files */ = {
			isa = PBXGroup;
			children = (
				CAE3941B18EB0DBA008FFA99 /* LERzorTests-Info.plist */,
				CAE3941C18EB0DBA008FFA99 /* InfoPlist.strings */,
			);
			name = "Supporting Files";
			sourceTree = "<group>";
		};
		CAE3942918EB0EF2008FFA99 /* images */ = {
			isa = PBXGroup;
			children = (
				CAE3942A18EB0F03008FFA99 /* Astonish-Design-Logo.png */,
			);
			name = images;
			sourceTree = "<group>";
		};
/* End PBXGroup section */

/* Begin PBXNativeTarget section */
		CAE393F018EB0DB6008FFA99 /* LERzor */ = {
			isa = PBXNativeTarget;
			buildConfigurationList = CAE3942318EB0DBA008FFA99 /* Build configuration list for PBXNativeTarget "LERzor" */;
			buildPhases = (
				CAE393ED18EB0DB6008FFA99 /* Sources */,
				CAE393EE18EB0DB6008FFA99 /* Frameworks */,
				CAE393EF18EB0DB6008FFA99 /* Resources */,
			);
			buildRules = (
			);
			dependencies = (
			);
			name = LERzor;
			productName = LERzor;
			productReference = CAE393F118EB0DB6008FFA99 /* LERzor.app */;
			productType = "com.apple.product-type.application";
		};
		CAE3941118EB0DBA008FFA99 /* LERzorTests */ = {
			isa = PBXNativeTarget;
			buildConfigurationList = CAE3942618EB0DBA008FFA99 /* Build configuration list for PBXNativeTarget "LERzorTests" */;
			buildPhases = (
				CAE3940E18EB0DBA008FFA99 /* Sources */,
				CAE3940F18EB0DBA008FFA99 /* Frameworks */,
				CAE3941018EB0DBA008FFA99 /* Resources */,
			);
			buildRules = (
			);
			dependencies = (
				CAE3941818EB0DBA008FFA99 /* PBXTargetDependency */,
			);
			name = LERzorTests;
			productName = LERzorTests;
			productReference = CAE3941218EB0DBA008FFA99 /* LERzorTests.xctest */;
			productType = "com.apple.product-type.bundle.unit-test";
		};
/* End PBXNativeTarget section */

/* Begin PBXProject section */
		CAE393E918EB0DB6008FFA99 /* Project object */ = {
			isa = PBXProject;
			attributes = {
				CLASSPREFIX = Calculator;
				LastUpgradeCheck = 0510;
				ORGANIZATIONNAME = "Astonish Design";
				TargetAttributes = {
					CAE3941118EB0DBA008FFA99 = {
						TestTargetID = CAE393F018EB0DB6008FFA99;
					};
				};
			};
			buildConfigurationList = CAE393EC18EB0DB6008FFA99 /* Build configuration list for PBXProject "LERzor" */;
			compatibilityVersion = "Xcode 3.2";
			developmentRegion = English;
			hasScannedForEncodings = 0;
			knownRegions = (
				en,
				Base,
			);
			mainGroup = CAE393E818EB0DB6008FFA99;
			productRefGroup = CAE393F218EB0DB6008FFA99 /* Products */;
			projectDirPath = "";
			projectRoot = "";
			targets = (
				CAE393F018EB0DB6008FFA99 /* LERzor */,
				CAE3941118EB0DBA008FFA99 /* LERzorTests */,
			);
		};
/* End PBXProject section */

/* Begin PBXResourcesBuildPhase section */
		CAE393EF18EB0DB6008FFA99 /* Resources */ = {
			isa = PBXResourcesBuildPhase;
			buildActionMask = 2147483647;
			files = (
				CAE3940D18EB0DBA008FFA99 /* Images.xcassets in Resources */,
				CAE3942B18EB0F03008FFA99 /* Astonish-Design-Logo.png in Resources */,
				CAE393FF18EB0DB7008FFA99 /* InfoPlist.strings in Resources */,
				CAE3940818EB0DB8008FFA99 /* Main.storyboard in Resources */,
			);
			runOnlyForDeploymentPostprocessing = 0;
		};
		CAE3941018EB0DBA008FFA99 /* Resources */ = {
			isa = PBXResourcesBuildPhase;
			buildActionMask = 2147483647;
			files = (
				CAE3941E18EB0DBA008FFA99 /* InfoPlist.strings in Resources */,
			);
			runOnlyForDeploymentPostprocessing = 0;
		};
/* End PBXResourcesBuildPhase section */

/* Begin PBXSourcesBuildPhase section */
		CAE393ED18EB0DB6008FFA99 /* Sources */ = {
			isa = PBXSourcesBuildPhase;
			buildActionMask = 2147483647;
			files = (
				CAE3940518EB0DB8008FFA99 /* CalculatorAppDelegate.m in Sources */,
				CAE3940118EB0DB7008FFA99 /* main.m in Sources */,
				CAE3940B18EB0DB9008FFA99 /* CalculatorViewController.m in Sources */,
			);
			runOnlyForDeploymentPostprocessing = 0;
		};
		CAE3940E18EB0DBA008FFA99 /* Sources */ = {
			isa = PBXSourcesBuildPhase;
			buildActionMask = 2147483647;
			files = (
				CAE3942018EB0DBA008FFA99 /* LERzorTests.m in Sources */,
			);
			runOnlyForDeploymentPostprocessing = 0;
		};
/* End PBXSourcesBuildPhase section */

/* Begin PBXTargetDependency section */
		CAE3941818EB0DBA008FFA99 /* PBXTargetDependency */ = {
			isa = PBXTargetDependency;
			target = CAE393F018EB0DB6008FFA99 /* LERzor */;
			targetProxy = CAE3941718EB0DBA008FFA99 /* PBXContainerItemProxy */;
		};
/* End PBXTargetDependency section */

/* Begin PBXVariantGroup section */
		CAE393FD18EB0DB7008FFA99 /* InfoPlist.strings */ = {
			isa = PBXVariantGroup;
			children = (
				CAE393FE18EB0DB7008FFA99 /* en */,
			);
			name = InfoPlist.strings;
			sourceTree = "<group>";
		};
		CAE3940618EB0DB8008FFA99 /* Main.storyboard */ = {
			isa = PBXVariantGroup;
			children = (
				CAE3940718EB0DB8008FFA99 /* Base */,
			);
			name = Main.storyboard;
			sourceTree = "<group>";
		};
		CAE3941C18EB0DBA008FFA99 /* InfoPlist.strings */ = {
			isa = PBXVariantGroup;
			children = (
				CAE3941D18EB0DBA008FFA99 /* en */,
			);
			name = InfoPlist.strings;
			sourceTree = "<group>";
		};
/* End PBXVariantGroup section */

/* Begin XCBuildConfiguration section */
		CAE3942118EB0DBA008FFA99 /* Debug */ = {
			isa = XCBuildConfiguration;
			buildSettings = {
				ALWAYS_SEARCH_USER_PATHS = NO;
				CLANG_CXX_LANGUAGE_STANDARD = "gnu++0x";
				CLANG_CXX_LIBRARY = "libc++";
				CLANG_ENABLE_MODULES = YES;
				CLANG_ENABLE_OBJC_ARC = YES;
				CLANG_WARN_BOOL_CONVERSION = YES;
				CLANG_WARN_CONSTANT_CONVERSION = YES;
				CLANG_WARN_DIRECT_OBJC_ISA_USAGE = YES_ERROR;
				CLANG_WARN_EMPTY_BODY = YES;
				CLANG_WARN_ENUM_CONVERSION = YES;
				CLANG_WARN_INT_CONVERSION = YES;
				CLANG_WARN_OBJC_ROOT_CLASS = YES_ERROR;
				CLANG_WARN__DUPLICATE_METHOD_MATCH = YES;
				"CODE_SIGN_IDENTITY[sdk=iphoneos*]" = "iPhone Developer";
				COPY_PHASE_STRIP = NO;
				GCC_C_LANGUAGE_STANDARD = gnu99;
				GCC_DYNAMIC_NO_PIC = NO;
				GCC_OPTIMIZATION_LEVEL = 0;
				GCC_PREPROCESSOR_DEFINITIONS = (
					"DEBUG=1",
					"$(inherited)",
				);
				GCC_SYMBOLS_PRIVATE_EXTERN = NO;
				GCC_WARN_64_TO_32_BIT_CONVERSION = YES;
				GCC_WARN_ABOUT_RETURN_TYPE = YES_ERROR;
				GCC_WARN_UNDECLARED_SELECTOR = YES;
				GCC_WARN_UNINITIALIZED_AUTOS = YES_AGGRESSIVE;
				GCC_WARN_UNUSED_FUNCTION = YES;
				GCC_WARN_UNUSED_VARIABLE = YES;
				IPHONEOS_DEPLOYMENT_TARGET = 7.1;
				ONLY_ACTIVE_ARCH = YES;
				SDKROOT = iphoneos;
			};
			name = Debug;
		};
		CAE3942218EB0DBA008FFA99 /* Release */ = {
			isa = XCBuildConfiguration;
			buildSettings = {
				ALWAYS_SEARCH_USER_PATHS = NO;
				CLANG_CXX_LANGUAGE_STANDARD = "gnu++0x";
				CLANG_CXX_LIBRARY = "libc++";
				CLANG_ENABLE_MODULES = YES;
				CLANG_ENABLE_OBJC_ARC = YES;
				CLANG_WARN_BOOL_CONVERSION = YES;
				CLANG_WARN_CONSTANT_CONVERSION = YES;
				CLANG_WARN_DIRECT_OBJC_ISA_USAGE = YES_ERROR;
				CLANG_WARN_EMPTY_BODY = YES;
				CLANG_WARN_ENUM_CONVERSION = YES;
				CLANG_WARN_INT_CONVERSION = YES;
				CLANG_WARN_OBJC_ROOT_CLASS = YES_ERROR;
				CLANG_WARN__DUPLICATE_METHOD_MATCH = YES;
				"CODE_SIGN_IDENTITY[sdk=iphoneos*]" = "iPhone Developer";
				COPY_PHASE_STRIP = YES;
				ENABLE_NS_ASSERTIONS = NO;
				GCC_C_LANGUAGE_STANDARD = gnu99;
				GCC_WARN_64_TO_32_BIT_CONVERSION = YES;
				GCC_WARN_ABOUT_RETURN_TYPE = YES_ERROR;
				GCC_WARN_UNDECLARED_SELECTOR = YES;
				GCC_WARN_UNINITIALIZED_AUTOS = YES_AGGRESSIVE;
				GCC_WARN_UNUSED_FUNCTION = YES;
				GCC_WARN_UNUSED_VARIABLE = YES;
				IPHONEOS_DEPLOYMENT_TARGET = 7.1;
				SDKROOT = iphoneos;
				VALIDATE_PRODUCT = YES;
			};
			name = Release;
		};
		CAE3942418EB0DBA008FFA99 /* Debug */ = {
			isa = XCBuildConfiguration;
			buildSettings = {
				ASSETCATALOG_COMPILER_APPICON_NAME = AppIcon;
				ASSETCATALOG_COMPILER_LAUNCHIMAGE_NAME = LaunchImage;
				GCC_PRECOMPILE_PREFIX_HEADER = YES;
				GCC_PREFIX_HEADER = "LERzor/LERzor-Prefix.pch";
				INFOPLIST_FILE = "LERzor/LERzor-Info.plist";
				IPHONEOS_DEPLOYMENT_TARGET = 7.0;
				PRODUCT_NAME = "$(TARGET_NAME)";
				WRAPPER_EXTENSION = app;
			};
			name = Debug;
		};
		CAE3942518EB0DBA008FFA99 /* Release */ = {
			isa = XCBuildConfiguration;
			buildSettings = {
				ASSETCATALOG_COMPILER_APPICON_NAME = AppIcon;
				ASSETCATALOG_COMPILER_LAUNCHIMAGE_NAME = LaunchImage;
				GCC_PRECOMPILE_PREFIX_HEADER = YES;
				GCC_PREFIX_HEADER = "LERzor/LERzor-Prefix.pch";
				INFOPLIST_FILE = "LERzor/LERzor-Info.plist";
				IPHONEOS_DEPLOYMENT_TARGET = 7.0;
				PRODUCT_NAME = "$(TARGET_NAME)";
				WRAPPER_EXTENSION = app;
			};
			name = Release;
		};
		CAE3942718EB0DBA008FFA99 /* Debug */ = {
			isa = XCBuildConfiguration;
			buildSettings = {
				BUNDLE_LOADER = "$(BUILT_PRODUCTS_DIR)/LERzor.app/LERzor";
				FRAMEWORK_SEARCH_PATHS = (
					"$(SDKROOT)/Developer/Library/Frameworks",
					"$(inherited)",
					"$(DEVELOPER_FRAMEWORKS_DIR)",
				);
				GCC_PRECOMPILE_PREFIX_HEADER = YES;
				GCC_PREFIX_HEADER = "LERzor/LERzor-Prefix.pch";
				GCC_PREPROCESSOR_DEFINITIONS = (
					"DEBUG=1",
					"$(inherited)",
				);
				INFOPLIST_FILE = "LERzorTests/LERzorTests-Info.plist";
				PRODUCT_NAME = "$(TARGET_NAME)";
				TEST_HOST = "$(BUNDLE_LOADER)";
				WRAPPER_EXTENSION = xctest;
			};
			name = Debug;
		};
		CAE3942818EB0DBA008FFA99 /* Release */ = {
			isa = XCBuildConfiguration;
			buildSettings = {
				BUNDLE_LOADER = "$(BUILT_PRODUCTS_DIR)/LERzor.app/LERzor";
				FRAMEWORK_SEARCH_PATHS = (
					"$(SDKROOT)/Developer/Library/Frameworks",
					"$(inherited)",
					"$(DEVELOPER_FRAMEWORKS_DIR)",
				);
				GCC_PRECOMPILE_PREFIX_HEADER = YES;
				GCC_PREFIX_HEADER = "LERzor/LERzor-Prefix.pch";
				INFOPLIST_FILE = "LERzorTests/LERzorTests-Info.plist";
				PRODUCT_NAME = "$(TARGET_NAME)";
				TEST_HOST = "$(BUNDLE_LOADER)";
				WRAPPER_EXTENSION = xctest;
			};
			name = Release;
		};
/* End XCBuildConfiguration section */

/* Begin XCConfigurationList section */
		CAE393EC18EB0DB6008FFA99 /* Build configuration list for PBXProject "LERzor" */ = {
			isa = XCConfigurationList;
			buildConfigurations = (
				CAE3942118EB0DBA008FFA99 /* Debug */,
				CAE3942218EB0DBA008FFA99 /* Release */,
			);
			defaultConfigurationIsVisible = 0;
			defaultConfigurationName = Release;
		};
		CAE3942318EB0DBA008FFA99 /* Build configuration list for PBXNativeTarget "LERzor" */ = {
			isa = XCConfigurationList;
			buildConfigurations = (
				CAE3942418EB0DBA008FFA99 /* Debug */,
				CAE3942518EB0DBA008FFA99 /* Release */,
			);
			defaultConfigurationIsVisible = 0;
		};
		CAE3942618EB0DBA008FFA99 /* Build configuration list for PBXNativeTarget "LERzorTests" */ = {
			isa = XCConfigurationList;
			buildConfigurations = (
				CAE3942718EB0DBA008FFA99 /* Debug */,
				CAE3942818EB0DBA008FFA99 /* Release */,
			);
			defaultConfigurationIsVisible = 0;
		};
/* End XCConfigurationList section */
	};
	rootObject = CAE393E918EB0DB6008FFA99 /* Project object */;
}
